// !$*UTF8*$!
{
	archiveVersion = 1;
	classes = {
	};
	objectVersion = 46;
	objects = {

/* Begin PBXBuildFile section */
		B93C0C451E31286D003FB00A /* AppDelegate.swift in Sources */ = {isa = PBXBuildFile; fileRef = B93C0C441E31286D003FB00A /* AppDelegate.swift */; };
		B93C0C471E31286D003FB00A /* ViewController.swift in Sources */ = {isa = PBXBuildFile; fileRef = B93C0C461E31286D003FB00A /* ViewController.swift */; };
		B93C0C4A1E31286D003FB00A /* Main.storyboard in Resources */ = {isa = PBXBuildFile; fileRef = B93C0C481E31286D003FB00A /* Main.storyboard */; };
		B93C0C4C1E31286D003FB00A /* Assets.xcassets in Resources */ = {isa = PBXBuildFile; fileRef = B93C0C4B1E31286D003FB00A /* Assets.xcassets */; };
		B93C0C4F1E31286D003FB00A /* LaunchScreen.storyboard in Resources */ = {isa = PBXBuildFile; fileRef = B93C0C4D1E31286D003FB00A /* LaunchScreen.storyboard */; };
		B93C0C5A1E31286D003FB00A /* You_Are_Awesome_Tests.swift in Sources */ = {isa = PBXBuildFile; fileRef = B93C0C591E31286D003FB00A /* You_Are_Awesome_Tests.swift */; };
/* End PBXBuildFile section */

/* Begin PBXContainerItemProxy section */
		B93C0C561E31286D003FB00A /* PBXContainerItemProxy */ = {
			isa = PBXContainerItemProxy;
			containerPortal = B93C0C391E31286C003FB00A /* Project object */;
			proxyType = 1;
			remoteGlobalIDString = B93C0C401E31286C003FB00A;
			remoteInfo = "You Are Awesome!";
		};
/* End PBXContainerItemProxy section */

/* Begin PBXFileReference section */
		B93C0C411E31286D003FB00A /* You Are Awesome!.app */ = {isa = PBXFileReference; explicitFileType = wrapper.application; includeInIndex = 0; path = "You Are Awesome!.app"; sourceTree = BUILT_PRODUCTS_DIR; };
		B93C0C441E31286D003FB00A /* AppDelegate.swift */ = {isa = PBXFileReference; lastKnownFileType = sourcecode.swift; path = AppDelegate.swift; sourceTree = "<group>"; };
		B93C0C461E31286D003FB00A /* ViewController.swift */ = {isa = PBXFileReference; lastKnownFileType = sourcecode.swift; path = ViewController.swift; sourceTree = "<group>"; };
		B93C0C491E31286D003FB00A /* Base */ = {isa = PBXFileReference; lastKnownFileType = file.storyboard; name = Base; path = Base.lproj/Main.storyboard; sourceTree = "<group>"; };
		B93C0C4B1E31286D003FB00A /* Assets.xcassets */ = {isa = PBXFileReference; lastKnownFileType = folder.assetcatalog; path = Assets.xcassets; sourceTree = "<group>"; };
		B93C0C4E1E31286D003FB00A /* Base */ = {isa = PBXFileReference; lastKnownFileType = file.storyboard; name = Base; path = Base.lproj/LaunchScreen.storyboard; sourceTree = "<group>"; };
		B93C0C501E31286D003FB00A /* Info.plist */ = {isa = PBXFileReference; lastKnownFileType = text.plist.xml; path = Info.plist; sourceTree = "<group>"; };
		B93C0C551E31286D003FB00A /* You Are Awesome!Tests.xctest */ = {isa = PBXFileReference; explicitFileType = wrapper.cfbundle; includeInIndex = 0; path = "You Are Awesome!Tests.xctest"; sourceTree = BUILT_PRODUCTS_DIR; };
		B93C0C591E31286D003FB00A /* You_Are_Awesome_Tests.swift */ = {isa = PBXFileReference; lastKnownFileType = sourcecode.swift; path = You_Are_Awesome_Tests.swift; sourceTree = "<group>"; };
		B93C0C5B1E31286D003FB00A /* Info.plist */ = {isa = PBXFileReference; lastKnownFileType = text.plist.xml; path = Info.plist; sourceTree = "<group>"; };
/* End PBXFileReference section */

/* Begin PBXFrameworksBuildPhase section */
		B93C0C3E1E31286C003FB00A /* Frameworks */ = {
			isa = PBXFrameworksBuildPhase;
			buildActionMask = 2147483647;
			files = (
			);
			runOnlyForDeploymentPostprocessing = 0;
		};
		B93C0C521E31286D003FB00A /* Frameworks */ = {
			isa = PBXFrameworksBuildPhase;
			buildActionMask = 2147483647;
			files = (
			);
			runOnlyForDeploymentPostprocessing = 0;
		};
/* End PBXFrameworksBuildPhase section */

/* Begin PBXGroup section */
		B93C0C381E31286C003FB00A = {
			isa = PBXGroup;
			children = (
				B93C0C431E31286D003FB00A /* You Are Awesome! */,
				B93C0C581E31286D003FB00A /* You Are Awesome!Tests */,
				B93C0C421E31286D003FB00A /* Products */,
			);
			sourceTree = "<group>";
		};
		B93C0C421E31286D003FB00A /* Products */ = {
			isa = PBXGroup;
			children = (
				B93C0C411E31286D003FB00A /* You Are Awesome!.app */,
				B93C0C551E31286D003FB00A /* You Are Awesome!Tests.xctest */,
			);
			name = Products;
			sourceTree = "<group>";
		};
		B93C0C431E31286D003FB00A /* You Are Awesome! */ = {
			isa = PBXGroup;
			children = (
				B93C0C441E31286D003FB00A /* AppDelegate.swift */,
				B93C0C461E31286D003FB00A /* ViewController.swift */,
				B93C0C481E31286D003FB00A /* Main.storyboard */,
				B93C0C4B1E31286D003FB00A /* Assets.xcassets */,
				B93C0C4D1E31286D003FB00A /* LaunchScreen.storyboard */,
				B93C0C501E31286D003FB00A /* Info.plist */,
			);
			path = "You Are Awesome!";
			sourceTree = "<group>";
		};
		B93C0C581E31286D003FB00A /* You Are Awesome!Tests */ = {
			isa = PBXGroup;
			children = (
				B93C0C591E31286D003FB00A /* You_Are_Awesome_Tests.swift */,
				B93C0C5B1E31286D003FB00A /* Info.plist */,
			);
			path = "You Are Awesome!Tests";
			sourceTree = "<group>";
		};
/* End PBXGroup section */

/* Begin PBXNativeTarget section */
		B93C0C401E31286C003FB00A /* You Are Awesome! */ = {
			isa = PBXNativeTarget;
			buildConfigurationList = B93C0C5E1E31286D003FB00A /* Build configuration list for PBXNativeTarget "You Are Awesome!" */;
			buildPhases = (
				B93C0C3D1E31286C003FB00A /* Sources */,
				B93C0C3E1E31286C003FB00A /* Frameworks */,
				B93C0C3F1E31286C003FB00A /* Resources */,
			);
			buildRules = (
			);
			dependencies = (
			);
			name = "You Are Awesome!";
			productName = "You Are Awesome!";
			productReference = B93C0C411E31286D003FB00A /* You Are Awesome!.app */;
			productType = "com.apple.product-type.application";
		};
		B93C0C541E31286D003FB00A /* You Are Awesome!Tests */ = {
			isa = PBXNativeTarget;
			buildConfigurationList = B93C0C611E31286D003FB00A /* Build configuration list for PBXNativeTarget "You Are Awesome!Tests" */;
			buildPhases = (
				B93C0C511E31286D003FB00A /* Sources */,
				B93C0C521E31286D003FB00A /* Frameworks */,
				B93C0C531E31286D003FB00A /* Resources */,
			);
			buildRules = (
			);
			dependencies = (
				B93C0C571E31286D003FB00A /* PBXTargetDependency */,
			);
			name = "You Are Awesome!Tests";
			productName = "You Are Awesome!Tests";
			productReference = B93C0C551E31286D003FB00A /* You Are Awesome!Tests.xctest */;
			productType = "com.apple.product-type.bundle.unit-test";
		};
/* End PBXNativeTarget section */

/* Begin PBXProject section */
		B93C0C391E31286C003FB00A /* Project object */ = {
			isa = PBXProject;
			attributes = {
				LastSwiftUpdateCheck = 0820;
				LastUpgradeCheck = 0820;
				ORGANIZATIONNAME = "Jared Annibale";
				TargetAttributes = {
					B93C0C401E31286C003FB00A = {
						CreatedOnToolsVersion = 8.2.1;
						DevelopmentTeam = E4G8GEX59A;
						ProvisioningStyle = Automatic;
					};
					B93C0C541E31286D003FB00A = {
						CreatedOnToolsVersion = 8.2.1;
						ProvisioningStyle = Automatic;
						TestTargetID = B93C0C401E31286C003FB00A;
					};
				};
			};
			buildConfigurationList = B93C0C3C1E31286C003FB00A /* Build configuration list for PBXProject "You Are Awesome!" */;
			compatibilityVersion = "Xcode 3.2";
			developmentRegion = English;
			hasScannedForEncodings = 0;
			knownRegions = (
				en,
				Base,
			);
			mainGroup = B93C0C381E31286C003FB00A;
			productRefGroup = B93C0C421E31286D003FB00A /* Products */;
			projectDirPath = "";
			projectRoot = "";
			targets = (
				B93C0C401E31286C003FB00A /* You Are Awesome! */,
				B93C0C541E31286D003FB00A /* You Are Awesome!Tests */,
			);
		};
/* End PBXProject section */

/* Begin PBXResourcesBuildPhase section */
		B93C0C3F1E31286C003FB00A /* Resources */ = {
			isa = PBXResourcesBuildPhase;
			buildActionMask = 2147483647;
			files = (
				B93C0C4F1E31286D003FB00A /* LaunchScreen.storyboard in Resources */,
				B93C0C4C1E31286D003FB00A /* Assets.xcassets in Resources */,
				B93C0C4A1E31286D003FB00A /* Main.storyboard in Resources */,
			);
			runOnlyForDeploymentPostprocessing = 0;
		};
		B93C0C531E31286D003FB00A /* Resources */ = {
			isa = PBXResourcesBuildPhase;
			buildActionMask = 2147483647;
			files = (
			);
			runOnlyForDeploymentPostprocessing = 0;
		};
/* End PBXResourcesBuildPhase section */

/* Begin PBXSourcesBuildPhase section */
		B93C0C3D1E31286C003FB00A /* Sources */ = {
			isa = PBXSourcesBuildPhase;
			buildActionMask = 2147483647;
			files = (
				B93C0C471E31286D003FB00A /* ViewController.swift in Sources */,
				B93C0C451E31286D003FB00A /* AppDelegate.swift in Sources */,
			);
			runOnlyForDeploymentPostprocessing = 0;
		};
		B93C0C511E31286D003FB00A /* Sources */ = {
			isa = PBXSourcesBuildPhase;
			buildActionMask = 2147483647;
			files = (
				B93C0C5A1E31286D003FB00A /* You_Are_Awesome_Tests.swift in Sources */,
			);
			runOnlyForDeploymentPostprocessing = 0;
		};
/* End PBXSourcesBuildPhase section */

/* Begin PBXTargetDependency section */
		B93C0C571E31286D003FB00A /* PBXTargetDependency */ = {
			isa = PBXTargetDependency;
			target = B93C0C401E31286C003FB00A /* You Are Awesome! */;
			targetProxy = B93C0C561E31286D003FB00A /* PBXContainerItemProxy */;
		};
/* End PBXTargetDependency section */

/* Begin PBXVariantGroup section */
		B93C0C481E31286D003FB00A /* Main.storyboard */ = {
			isa = PBXVariantGroup;
			children = (
				B93C0C491E31286D003FB00A /* Base */,
			);
			name = Main.storyboard;
			sourceTree = "<group>";
		};
		B93C0C4D1E31286D003FB00A /* LaunchScreen.storyboard */ = {
			isa = PBXVariantGroup;
			children = (
				B93C0C4E1E31286D003FB00A /* Base */,
			);
			name = LaunchScreen.storyboard;
			sourceTree = "<group>";
		};
/* End PBXVariantGroup section */

/* Begin XCBuildConfiguration section */
		B93C0C5C1E31286D003FB00A /* Debug */ = {
			isa = XCBuildConfiguration;
			buildSettings = {
				ALWAYS_SEARCH_USER_PATHS = NO;
				CLANG_ANALYZER_NONNULL = YES;
				CLANG_CXX_LANGUAGE_STANDARD = "gnu++0x";
				CLANG_CXX_LIBRARY = "libc++";
				CLANG_ENABLE_MODULES = YES;
				CLANG_ENABLE_OBJC_ARC = YES;
				CLANG_WARN_BOOL_CONVERSION = YES;
				CLANG_WARN_CONSTANT_CONVERSION = YES;
				CLANG_WARN_DIRECT_OBJC_ISA_USAGE = YES_ERROR;
				CLANG_WARN_DOCUMENTATION_COMMENTS = YES;
				CLANG_WARN_EMPTY_BODY = YES;
				CLANG_WARN_ENUM_CONVERSION = YES;
				CLANG_WARN_INFINITE_RECURSION = YES;
				CLANG_WARN_INT_CONVERSION = YES;
				CLANG_WARN_OBJC_ROOT_CLASS = YES_ERROR;
				CLANG_WARN_SUSPICIOUS_MOVE = YES;
				CLANG_WARN_UNREACHABLE_CODE = YES;
				CLANG_WARN__DUPLICATE_METHOD_MATCH = YES;
				"CODE_SIGN_IDENTITY[sdk=iphoneos*]" = "iPhone Developer";
				COPY_PHASE_STRIP = NO;
				DEBUG_INFORMATION_FORMAT = dwarf;
				ENABLE_STRICT_OBJC_MSGSEND = YES;
				ENABLE_TESTABILITY = YES;
				GCC_C_LANGUAGE_STANDARD = gnu99;
				GCC_DYNAMIC_NO_PIC = NO;
				GCC_NO_COMMON_BLOCKS = YES;
				GCC_OPTIMIZATION_LEVEL = 0;
				GCC_PREPROCESSOR_DEFINITIONS = (
					"DEBUG=1",
					"$(inherited)",
				);
				GCC_WARN_64_TO_32_BIT_CONVERSION = YES;
				GCC_WARN_ABOUT_RETURN_TYPE = YES_ERROR;
				GCC_WARN_UNDECLARED_SELECTOR = YES;
				GCC_WARN_UNINITIALIZED_AUTOS = YES_AGGRESSIVE;
				GCC_WARN_UNUSED_FUNCTION = YES;
				GCC_WARN_UNUSED_VARIABLE = YES;
				IPHONEOS_DEPLOYMENT_TARGET = 10.2;
				MTL_ENABLE_DEBUG_INFO = YES;
				ONLY_ACTIVE_ARCH = YES;
				SDKROOT = iphoneos;
				SWIFT_ACTIVE_COMPILATION_CONDITIONS = DEBUG;
				SWIFT_OPTIMIZATION_LEVEL = "-Onone";
				TARGETED_DEVICE_FAMILY = "1,2";
			};
			name = Debug;
		};
		B93C0C5D1E31286D003FB00A /* Release */ = {
			isa = XCBuildConfiguration;
			buildSettings = {
				ALWAYS_SEARCH_USER_PATHS = NO;
				CLANG_ANALYZER_NONNULL = YES;
				CLANG_CXX_LANGUAGE_STANDARD = "gnu++0x";
				CLANG_CXX_LIBRARY = "libc++";
				CLANG_ENABLE_MODULES = YES;
				CLANG_ENABLE_OBJC_ARC = YES;
				CLANG_WARN_BOOL_CONVERSION = YES;
				CLANG_WARN_CONSTANT_CONVERSION = YES;
				CLANG_WARN_DIRECT_OBJC_ISA_USAGE = YES_ERROR;
				CLANG_WARN_DOCUMENTATION_COMMENTS = YES;
				CLANG_WARN_EMPTY_BODY = YES;
				CLANG_WARN_ENUM_CONVERSION = YES;
				CLANG_WARN_INFINITE_RECURSION = YES;
				CLANG_WARN_INT_CONVERSION = YES;
				CLANG_WARN_OBJC_ROOT_CLASS = YES_ERROR;
				CLANG_WARN_SUSPICIOUS_MOVE = YES;
				CLANG_WARN_UNREACHABLE_CODE = YES;
				CLANG_WARN__DUPLICATE_METHOD_MATCH = YES;
				"CODE_SIGN_IDENTITY[sdk=iphoneos*]" = "iPhone Developer";
				COPY_PHASE_STRIP = NO;
				DEBUG_INFORMATION_FORMAT = "dwarf-with-dsym";
				ENABLE_NS_ASSERTIONS = NO;
				ENABLE_STRICT_OBJC_MSGSEND = YES;
				GCC_C_LANGUAGE_STANDARD = gnu99;
				GCC_NO_COMMON_BLOCKS = YES;
				GCC_WARN_64_TO_32_BIT_CONVERSION = YES;
				GCC_WARN_ABOUT_RETURN_TYPE = YES_ERROR;
				GCC_WARN_UNDECLARED_SELECTOR = YES;
				GCC_WARN_UNINITIALIZED_AUTOS = YES_AGGRESSIVE;
				GCC_WARN_UNUSED_FUNCTION = YES;
				GCC_WARN_UNUSED_VARIABLE = YES;
				IPHONEOS_DEPLOYMENT_TARGET = 10.2;
				MTL_ENABLE_DEBUG_INFO = NO;
				SDKROOT = iphoneos;
				SWIFT_OPTIMIZATION_LEVEL = "-Owholemodule";
				TARGETED_DEVICE_FAMILY = "1,2";
				VALIDATE_PRODUCT = YES;
			};
			name = Release;
		};
		B93C0C5F1E31286D003FB00A /* Debug */ = {
			isa = XCBuildConfiguration;
			buildSettings = {
				ASSETCATALOG_COMPILER_APPICON_NAME = AppIcon;
				DEVELOPMENT_TEAM = E4G8GEX59A;
				INFOPLIST_FILE = "You Are Awesome!/Info.plist";
				IPHONEOS_DEPLOYMENT_TARGET = 9.0;
				LD_RUNPATH_SEARCH_PATHS = "$(inherited) @executable_path/Frameworks";
				PRODUCT_BUNDLE_IDENTIFIER = "com.annibale.You-Are-Awesome-";
				PRODUCT_NAME = "$(TARGET_NAME)";
				SWIFT_VERSION = 3.0;
			};
			name = Debug;
		};
		B93C0C601E31286D003FB00A /* Release */ = {
			isa = XCBuildConfiguration;
			buildSettings = {
				ASSETCATALOG_COMPILER_APPICON_NAME = AppIcon;
				DEVELOPMENT_TEAM = E4G8GEX59A;
				INFOPLIST_FILE = "You Are Awesome!/Info.plist";
				IPHONEOS_DEPLOYMENT_TARGET = 9.0;
				LD_RUNPATH_SEARCH_PATHS = "$(inherited) @executable_path/Frameworks";
				PRODUCT_BUNDLE_IDENTIFIER = "com.annibale.You-Are-Awesome-";
				PRODUCT_NAME = "$(TARGET_NAME)";
				SWIFT_VERSION = 3.0;
			};
			name = Release;
		};
		B93C0C621E31286D003FB00A /* Debug */ = {
			isa = XCBuildConfiguration;
			buildSettings = {
				ALWAYS_EMBED_SWIFT_STANDARD_LIBRARIES = YES;
				BUNDLE_LOADER = "$(TEST_HOST)";
				INFOPLIST_FILE = "You Are Awesome!Tests/Info.plist";
				LD_RUNPATH_SEARCH_PATHS = "$(inherited) @executable_path/Frameworks @loader_path/Frameworks";
				PRODUCT_BUNDLE_IDENTIFIER = "com.annibale.You-Are-Awesome-Tests";
				PRODUCT_NAME = "$(TARGET_NAME)";
				SWIFT_VERSION = 3.0;
				TEST_HOST = "$(BUILT_PRODUCTS_DIR)/You Are Awesome!.app/You Are Awesome!";
			};
			name = Debug;
		};
		B93C0C631E31286D003FB00A /* Release */ = {
			isa = XCBuildConfiguration;
			buildSettings = {
				ALWAYS_EMBED_SWIFT_STANDARD_LIBRARIES = YES;
				BUNDLE_LOADER = "$(TEST_HOST)";
				INFOPLIST_FILE = "You Are Awesome!Tests/Info.plist";
				LD_RUNPATH_SEARCH_PATHS = "$(inherited) @executable_path/Frameworks @loader_path/Frameworks";
				PRODUCT_BUNDLE_IDENTIFIER = "com.annibale.You-Are-Awesome-Tests";
				PRODUCT_NAME = "$(TARGET_NAME)";
				SWIFT_VERSION = 3.0;
				TEST_HOST = "$(BUILT_PRODUCTS_DIR)/You Are Awesome!.app/You Are Awesome!";
			};
			name = Release;
		};
/* End XCBuildConfiguration section */

/* Begin XCConfigurationList section */
		B93C0C3C1E31286C003FB00A /* Build configuration list for PBXProject "You Are Awesome!" */ = {
			isa = XCConfigurationList;
			buildConfigurations = (
				B93C0C5C1E31286D003FB00A /* Debug */,
				B93C0C5D1E31286D003FB00A /* Release */,
			);
			defaultConfigurationIsVisible = 0;
			defaultConfigurationName = Release;
		};
		B93C0C5E1E31286D003FB00A /* Build configuration list for PBXNativeTarget "You Are Awesome!" */ = {
			isa = XCConfigurationList;
			buildConfigurations = (
				B93C0C5F1E31286D003FB00A /* Debug */,
				B93C0C601E31286D003FB00A /* Release */,
			);
			defaultConfigurationIsVisible = 0;
			defaultConfigurationName = Release;
		};
		B93C0C611E31286D003FB00A /* Build configuration list for PBXNativeTarget "You Are Awesome!Tests" */ = {
			isa = XCConfigurationList;
			buildConfigurations = (
				B93C0C621E31286D003FB00A /* Debug */,
				B93C0C631E31286D003FB00A /* Release */,
			);
			defaultConfigurationIsVisible = 0;
			defaultConfigurationName = Release;
		};
/* End XCConfigurationList section */
	};
	rootObject = B93C0C391E31286C003FB00A /* Project object */;
}
